// !$*UTF8*$!
{
	archiveVersion = 1;
	classes = {
	};
	objectVersion = 56;
	objects = {

/* Begin PBXBuildFile section */
		7404603D397B41748C7AD101 /* ModelRunnerApp.swift in Sources */ = {isa = PBXBuildFile; fileRef = 7404603D397B41748C7AD100; };
		99EDF330C9DA4E82B653CDB0 /* AppContainer.swift in Sources */ = {isa = PBXBuildFile; fileRef = 99EDF330C9DA4E82B653CDB1; };
		8225560F7DBD44C99EA7AD93 /* ContentView.swift in Sources */ = {isa = PBXBuildFile; fileRef = 8225560F7DBD44C99EA7AD92; };
		C3BFBAEE689F486190398248 /* CompatibilityModels.swift in Sources */ = {isa = PBXBuildFile; fileRef = C3BFBAEE689F486190398247; };
		A1B2C3D4E5F60010A2B3C4D5 /* ChipLookupTable.swift in Sources */ = {isa = PBXBuildFile; fileRef = A1B2C3D4E5F60011A2B3C4D5; };
		A1B2C3D4E5F60012A2B3C4D5 /* DeviceCapabilityService.swift in Sources */ = {isa = PBXBuildFile; fileRef = A1B2C3D4E5F60013A2B3C4D5; };
		F1A2B3C4D5E60014F1A2B3C4 /* CompatibilityEngine.swift in Sources */ = {isa = PBXBuildFile; fileRef = F1A2B3C4D5E60015F1A2B3C4; };
		0A9AE88B5DC2448597F66C5D /* DeviceCapabilityServiceTests.swift in Sources */ = {isa = PBXBuildFile; fileRef = 0A9AE88B5DC2448597F66C5E; };
		44321BB674EA4DBA9669F67A /* CompatibilityEngineTests.swift in Sources */ = {isa = PBXBuildFile; fileRef = 44321BB674EA4DBA9669F67B; };
		9C31C4E1288841068B4131B4 /* ChipLookupTableTests.swift in Sources */ = {isa = PBXBuildFile; fileRef = 9C31C4E1288841068B4131B5; };
		BB01AA0000000001BB01AA00 /* BrowseView.swift in Sources */ = {isa = PBXBuildFile; fileRef = BB01AA0000000002BB01AA00; };
		BB01AA0000000003BB01AA00 /* HFAPIService.swift in Sources */ = {isa = PBXBuildFile; fileRef = BB01AA0000000004BB01AA00; };
		BB01AA0000000005BB01AA00 /* HFModels.swift in Sources */ = {isa = PBXBuildFile; fileRef = BB01AA0000000006BB01AA00; };
		BB01AA0000000007BB01AA00 /* HFAPIError.swift in Sources */ = {isa = PBXBuildFile; fileRef = BB01AA0000000008BB01AA00; };
		BB01AA0000000009BB01AA00 /* AnnotatedModel.swift in Sources */ = {isa = PBXBuildFile; fileRef = BB01AA000000000ABB01AA00; };
		BB01AA000000000BBB01AA00 /* QuantizationParser.swift in Sources */ = {isa = PBXBuildFile; fileRef = BB01AA000000000CBB01AA00; };
		BB01AA000000000DBB01AA00 /* HFAPIServiceTests.swift in Sources */ = {isa = PBXBuildFile; fileRef = BB01AA000000000EBB01AA00; };
		BB01AA000000000FBB01AA00 /* QuantizationTypeTests.swift in Sources */ = {isa = PBXBuildFile; fileRef = BB01AA0000000010BB01AA00; };
		BB01AA0000000011BB01AA00 /* HFBrowseViewModelTests.swift in Sources */ = {isa = PBXBuildFile; fileRef = BB01AA0000000012BB01AA00; };
		BB01AA0000000030BB01AA00 /* hf_search_gguf.json in Resources */ = {isa = PBXBuildFile; fileRef = BB01AA0000000031BB01AA00; };
		BB01AA0000000032BB01AA00 /* hf_model_detail.json in Resources */ = {isa = PBXBuildFile; fileRef = BB01AA0000000033BB01AA00; };
		BB01AA0000000034BB01AA00 /* hf_search_empty.json in Resources */ = {isa = PBXBuildFile; fileRef = BB01AA0000000035BB01AA00; };
		BB01AA0000000036BB01AA00 /* BrowseViewModel.swift in Sources */ = {isa = PBXBuildFile; fileRef = BB01AA0000000037BB01AA00; };
/* End PBXBuildFile section */

/* Begin PBXContainerItemProxy section */
		3CEAB5FC9CA54201BC85B6D2 /* PBXContainerItemProxy */ = {
			isa = PBXContainerItemProxy;
			containerPortal = A1B2C3D4E5F60001A2B3C4D5 /* Project object */;
			proxyType = 1;
			remoteGlobalIDString = EB382A8D3F6746AB9CBDDECE;
			remoteInfo = ModelRunner;
		};
/* End PBXContainerItemProxy section */

/* Begin PBXFileReference section */
		0D40A96AF56D4A488D50719E /* ModelRunner.app */ = {isa = PBXFileReference; explicitFileType = wrapper.application; includeInIndex = 0; path = ModelRunner.app; sourceTree = BUILT_PRODUCTS_DIR; };
		EE791C2AD4B54B2E9D9432D9 /* ModelRunnerTests.xctest */ = {isa = PBXFileReference; explicitFileType = wrapper.cfbundle; includeInIndex = 0; path = ModelRunnerTests.xctest; sourceTree = BUILT_PRODUCTS_DIR; };
		7404603D397B41748C7AD100 /* ModelRunnerApp.swift */ = {isa = PBXFileReference; lastKnownFileType = sourcecode.swift; path = ModelRunnerApp.swift; sourceTree = "<group>"; };
		99EDF330C9DA4E82B653CDB1 /* AppContainer.swift */ = {isa = PBXFileReference; lastKnownFileType = sourcecode.swift; path = AppContainer.swift; sourceTree = "<group>"; };
		8225560F7DBD44C99EA7AD92 /* ContentView.swift */ = {isa = PBXFileReference; lastKnownFileType = sourcecode.swift; path = ContentView.swift; sourceTree = "<group>"; };
		C3BFBAEE689F486190398247 /* CompatibilityModels.swift */ = {isa = PBXFileReference; lastKnownFileType = sourcecode.swift; path = CompatibilityModels.swift; sourceTree = "<group>"; };
		A1B2C3D4E5F60011A2B3C4D5 /* ChipLookupTable.swift */ = {isa = PBXFileReference; lastKnownFileType = sourcecode.swift; path = ChipLookupTable.swift; sourceTree = "<group>"; };
		A1B2C3D4E5F60013A2B3C4D5 /* DeviceCapabilityService.swift */ = {isa = PBXFileReference; lastKnownFileType = sourcecode.swift; path = DeviceCapabilityService.swift; sourceTree = "<group>"; };
		F1A2B3C4D5E60015F1A2B3C4 /* CompatibilityEngine.swift */ = {isa = PBXFileReference; lastKnownFileType = sourcecode.swift; path = CompatibilityEngine.swift; sourceTree = "<group>"; };
		0A9AE88B5DC2448597F66C5E /* DeviceCapabilityServiceTests.swift */ = {isa = PBXFileReference; lastKnownFileType = sourcecode.swift; path = DeviceCapabilityServiceTests.swift; sourceTree = "<group>"; };
		44321BB674EA4DBA9669F67B /* CompatibilityEngineTests.swift */ = {isa = PBXFileReference; lastKnownFileType = sourcecode.swift; path = CompatibilityEngineTests.swift; sourceTree = "<group>"; };
		9C31C4E1288841068B4131B5 /* ChipLookupTableTests.swift */ = {isa = PBXFileReference; lastKnownFileType = sourcecode.swift; path = ChipLookupTableTests.swift; sourceTree = "<group>"; };
		3BB18C8F4F4B485380132B87 /* ModelRunner.entitlements */ = {isa = PBXFileReference; lastKnownFileType = text.plist.entitlements; path = ModelRunner.entitlements; sourceTree = "<group>"; };
		BB01AA0000000002BB01AA00 /* BrowseView.swift */ = {isa = PBXFileReference; lastKnownFileType = sourcecode.swift; path = BrowseView.swift; sourceTree = "<group>"; };
		BB01AA0000000004BB01AA00 /* HFAPIService.swift */ = {isa = PBXFileReference; lastKnownFileType = sourcecode.swift; path = HFAPIService.swift; sourceTree = "<group>"; };
		BB01AA0000000006BB01AA00 /* HFModels.swift */ = {isa = PBXFileReference; lastKnownFileType = sourcecode.swift; path = HFModels.swift; sourceTree = "<group>"; };
		BB01AA0000000008BB01AA00 /* HFAPIError.swift */ = {isa = PBXFileReference; lastKnownFileType = sourcecode.swift; path = HFAPIError.swift; sourceTree = "<group>"; };
		BB01AA000000000ABB01AA00 /* AnnotatedModel.swift */ = {isa = PBXFileReference; lastKnownFileType = sourcecode.swift; path = AnnotatedModel.swift; sourceTree = "<group>"; };
		BB01AA000000000CBB01AA00 /* QuantizationParser.swift */ = {isa = PBXFileReference; lastKnownFileType = sourcecode.swift; path = QuantizationParser.swift; sourceTree = "<group>"; };
		BB01AA000000000EBB01AA00 /* HFAPIServiceTests.swift */ = {isa = PBXFileReference; lastKnownFileType = sourcecode.swift; path = HFAPIServiceTests.swift; sourceTree = "<group>"; };
		BB01AA0000000010BB01AA00 /* QuantizationTypeTests.swift */ = {isa = PBXFileReference; lastKnownFileType = sourcecode.swift; path = QuantizationTypeTests.swift; sourceTree = "<group>"; };
		BB01AA0000000012BB01AA00 /* HFBrowseViewModelTests.swift */ = {isa = PBXFileReference; lastKnownFileType = sourcecode.swift; path = HFBrowseViewModelTests.swift; sourceTree = "<group>"; };
		BB01AA0000000031BB01AA00 /* hf_search_gguf.json */ = {isa = PBXFileReference; lastKnownFileType = text.json; path = hf_search_gguf.json; sourceTree = "<group>"; };
		BB01AA0000000033BB01AA00 /* hf_model_detail.json */ = {isa = PBXFileReference; lastKnownFileType = text.json; path = hf_model_detail.json; sourceTree = "<group>"; };
		BB01AA0000000035BB01AA00 /* hf_search_empty.json */ = {isa = PBXFileReference; lastKnownFileType = text.json; path = hf_search_empty.json; sourceTree = "<group>"; };
		BB01AA0000000037BB01AA00 /* BrowseViewModel.swift */ = {isa = PBXFileReference; lastKnownFileType = sourcecode.swift; path = BrowseViewModel.swift; sourceTree = "<group>"; };
/* End PBXFileReference section */

/* Begin PBXGroup section */
		166342F1D828499A82D97B85 /* ModelRunner */ = {
			isa = PBXGroup;
			children = (
				8BC891A9D4E842BFBD0D21AB /* App */,
				B8FBF741BAAD452C9D858445 /* Services */,
				BB01AA0000000020BB01AA00 /* Features */,
				8225560F7DBD44C99EA7AD92 /* ContentView.swift */,
				3BB18C8F4F4B485380132B87 /* ModelRunner.entitlements */,
			);
			path = ModelRunner;
			sourceTree = "<group>";
		};
		8BC891A9D4E842BFBD0D21AB /* App */ = {
			isa = PBXGroup;
			children = (
				7404603D397B41748C7AD100 /* ModelRunnerApp.swift */,
				99EDF330C9DA4E82B653CDB1 /* AppContainer.swift */,
			);
			path = App;
			sourceTree = "<group>";
		};
		B8FBF741BAAD452C9D858445 /* Services */ = {
			isa = PBXGroup;
			children = (
				AF3EDE50F4F3467C8BC6A1FC /* Device */,
				BB01AA0000000021BB01AA00 /* HF */,
			);
			path = Services;
			sourceTree = "<group>";
		};
		BB01AA0000000020BB01AA00 /* Features */ = {
			isa = PBXGroup;
			children = (
				BB01AA0000000022BB01AA00 /* Browse */,
			);
			path = Features;
			sourceTree = "<group>";
		};
		BB01AA0000000022BB01AA00 /* Browse */ = {
			isa = PBXGroup;
			children = (
				BB01AA0000000002BB01AA00 /* BrowseView.swift */,
				BB01AA0000000037BB01AA00 /* BrowseViewModel.swift */,
			);
			path = Browse;
			sourceTree = "<group>";
		};
		BB01AA0000000021BB01AA00 /* HF */ = {
			isa = PBXGroup;
			children = (
				BB01AA0000000004BB01AA00 /* HFAPIService.swift */,
				BB01AA0000000006BB01AA00 /* HFModels.swift */,
				BB01AA0000000008BB01AA00 /* HFAPIError.swift */,
				BB01AA000000000ABB01AA00 /* AnnotatedModel.swift */,
				BB01AA000000000CBB01AA00 /* QuantizationParser.swift */,
			);
			path = HF;
			sourceTree = "<group>";
		};
		AF3EDE50F4F3467C8BC6A1FC /* Device */ = {
			isa = PBXGroup;
			children = (
				C3BFBAEE689F486190398247 /* CompatibilityModels.swift */,
				A1B2C3D4E5F60011A2B3C4D5 /* ChipLookupTable.swift */,
				A1B2C3D4E5F60013A2B3C4D5 /* DeviceCapabilityService.swift */,
				F1A2B3C4D5E60015F1A2B3C4 /* CompatibilityEngine.swift */,
			);
			path = Device;
			sourceTree = "<group>";
		};
		E66CB690F10A4CB5B5E21FAF /* ModelRunnerTests */ = {
			isa = PBXGroup;
			children = (
				0A9AE88B5DC2448597F66C5E /* DeviceCapabilityServiceTests.swift */,
				44321BB674EA4DBA9669F67B /* CompatibilityEngineTests.swift */,
				9C31C4E1288841068B4131B5 /* ChipLookupTableTests.swift */,
				BB01AA000000000EBB01AA00 /* HFAPIServiceTests.swift */,
				BB01AA0000000010BB01AA00 /* QuantizationTypeTests.swift */,
				BB01AA0000000012BB01AA00 /* HFBrowseViewModelTests.swift */,
				BB01AA0000000040BB01AA00 /* Fixtures */,
			);
			path = ModelRunnerTests;
			sourceTree = "<group>";
		};
		BB01AA0000000040BB01AA00 /* Fixtures */ = {
			isa = PBXGroup;
			children = (
				BB01AA0000000031BB01AA00 /* hf_search_gguf.json */,
				BB01AA0000000033BB01AA00 /* hf_model_detail.json */,
				BB01AA0000000035BB01AA00 /* hf_search_empty.json */,
			);
			path = Fixtures;
			sourceTree = "<group>";
		};
		E99E5DF8436E40A0A45FA7B7 /* Products */ = {
			isa = PBXGroup;
			children = (
				0D40A96AF56D4A488D50719E /* ModelRunner.app */,
				EE791C2AD4B54B2E9D9432D9 /* ModelRunnerTests.xctest */,
			);
			name = Products;
			sourceTree = "<group>";
		};
		A1B2C3D4E5F60002A2B3C4D5 /* root */ = {
			isa = PBXGroup;
			children = (
				166342F1D828499A82D97B85 /* ModelRunner */,
				E66CB690F10A4CB5B5E21FAF /* ModelRunnerTests */,
				E99E5DF8436E40A0A45FA7B7 /* Products */,
			);
			sourceTree = "<group>";
		};
/* End PBXGroup section */

/* Begin PBXNativeTarget section */
		EB382A8D3F6746AB9CBDDECE /* ModelRunner */ = {
			isa = PBXNativeTarget;
			buildConfigurationList = ED673D7B541C4B85B380EC54 /* Build configuration list for PBXNativeTarget "ModelRunner" */;
			buildPhases = (
				B2363EB3459346A3A28A5E03 /* Sources */,
				6F40A2D4B47749628EB63214 /* Resources */,
			);
			buildRules = (
			);
			dependencies = (
			);
			name = ModelRunner;
			productName = ModelRunner;
			productReference = 0D40A96AF56D4A488D50719E /* ModelRunner.app */;
			productType = "com.apple.product-type.application";
		};
		1C171EB3262B4070B77AC44A /* ModelRunnerTests */ = {
			isa = PBXNativeTarget;
			buildConfigurationList = F29EF7145BA4404EAB7D24D2 /* Build configuration list for PBXNativeTarget "ModelRunnerTests" */;
			buildPhases = (
				4E340E27D68444E4871C58DE /* Sources */,
				BB01AA0000000050BB01AA00 /* Resources */,
			);
			buildRules = (
			);
			dependencies = (
				97932BF6A8734778B69968ED /* PBXTargetDependency */,
			);
			name = ModelRunnerTests;
			productName = ModelRunnerTests;
			productReference = EE791C2AD4B54B2E9D9432D9 /* ModelRunnerTests.xctest */;
			productType = "com.apple.product-type.bundle.unit-test";
		};
/* End PBXNativeTarget section */

/* Begin PBXProject section */
		A1B2C3D4E5F60001A2B3C4D5 /* Project object */ = {
			isa = PBXProject;
			attributes = {
				BuildIndependentTargetsInParallel = 1;
				LastSwiftUpdateCheck = 1600;
				LastUpgradeCheck = 1600;
				TargetAttributes = {
					EB382A8D3F6746AB9CBDDECE = {
						CreatedOnToolsVersion = 16.0;
					};
					1C171EB3262B4070B77AC44A = {
						CreatedOnToolsVersion = 16.0;
						TestTargetID = EB382A8D3F6746AB9CBDDECE;
					};
				};
			};
			buildConfigurationList = 65D30E139A7C4F3CAD87A49A /* Build configuration list for PBXProject "ModelRunner" */;
			compatibilityVersion = "Xcode 14.0";
			developmentRegion = en;
			hasScannedForEncodings = 0;
			knownRegions = (
				en,
				Base,
			);
			mainGroup = A1B2C3D4E5F60002A2B3C4D5;
			productRefGroup = E99E5DF8436E40A0A45FA7B7 /* Products */;
			projectDirPath = "";
			projectRoot = "";
			targets = (
				EB382A8D3F6746AB9CBDDECE /* ModelRunner */,
				1C171EB3262B4070B77AC44A /* ModelRunnerTests */,
			);
		};
/* End PBXProject section */

/* Begin PBXResourcesBuildPhase section */
		6F40A2D4B47749628EB63214 /* Resources */ = {
			isa = PBXResourcesBuildPhase;
			buildActionMask = 2147483647;
			files = (
			);
			runOnlyForDeploymentPostprocessing = 0;
		};
		BB01AA0000000050BB01AA00 /* Resources */ = {
			isa = PBXResourcesBuildPhase;
			buildActionMask = 2147483647;
			files = (
				BB01AA0000000030BB01AA00 /* hf_search_gguf.json in Resources */,
				BB01AA0000000032BB01AA00 /* hf_model_detail.json in Resources */,
				BB01AA0000000034BB01AA00 /* hf_search_empty.json in Resources */,
			);
			runOnlyForDeploymentPostprocessing = 0;
		};
/* End PBXResourcesBuildPhase section */

/* Begin PBXSourcesBuildPhase section */
		B2363EB3459346A3A28A5E03 /* Sources */ = {
			isa = PBXSourcesBuildPhase;
			buildActionMask = 2147483647;
			files = (
				7404603D397B41748C7AD101 /* ModelRunnerApp.swift in Sources */,
				99EDF330C9DA4E82B653CDB0 /* AppContainer.swift in Sources */,
				8225560F7DBD44C99EA7AD93 /* ContentView.swift in Sources */,
				C3BFBAEE689F486190398248 /* CompatibilityModels.swift in Sources */,
				A1B2C3D4E5F60010A2B3C4D5 /* ChipLookupTable.swift in Sources */,
				A1B2C3D4E5F60012A2B3C4D5 /* DeviceCapabilityService.swift in Sources */,
				F1A2B3C4D5E60014F1A2B3C4 /* CompatibilityEngine.swift in Sources */,
				BB01AA0000000001BB01AA00 /* BrowseView.swift in Sources */,
				BB01AA0000000003BB01AA00 /* HFAPIService.swift in Sources */,
				BB01AA0000000005BB01AA00 /* HFModels.swift in Sources */,
				BB01AA0000000007BB01AA00 /* HFAPIError.swift in Sources */,
				BB01AA0000000009BB01AA00 /* AnnotatedModel.swift in Sources */,
				BB01AA000000000BBB01AA00 /* QuantizationParser.swift in Sources */,
				BB01AA0000000036BB01AA00 /* BrowseViewModel.swift in Sources */,
			);
			runOnlyForDeploymentPostprocessing = 0;
		};
		4E340E27D68444E4871C58DE /* Sources */ = {
			isa = PBXSourcesBuildPhase;
			buildActionMask = 2147483647;
			files = (
				0A9AE88B5DC2448597F66C5D /* DeviceCapabilityServiceTests.swift in Sources */,
				44321BB674EA4DBA9669F67A /* CompatibilityEngineTests.swift in Sources */,
				9C31C4E1288841068B4131B4 /* ChipLookupTableTests.swift in Sources */,
				BB01AA000000000DBB01AA00 /* HFAPIServiceTests.swift in Sources */,
				BB01AA000000000FBB01AA00 /* QuantizationTypeTests.swift in Sources */,
				BB01AA0000000011BB01AA00 /* HFBrowseViewModelTests.swift in Sources */,
			);
			runOnlyForDeploymentPostprocessing = 0;
		};
/* End PBXSourcesBuildPhase section */

/* Begin PBXTargetDependency section */
		97932BF6A8734778B69968ED /* PBXTargetDependency */ = {
			isa = PBXTargetDependency;
			target = EB382A8D3F6746AB9CBDDECE /* ModelRunner */;
			targetProxy = 3CEAB5FC9CA54201BC85B6D2 /* PBXContainerItemProxy */;
		};
/* End PBXTargetDependency section */

/* Begin XCBuildConfiguration section */
		488AF3C9DBE84FB59934DFD2 /* Debug */ = {
			isa = XCBuildConfiguration;
			buildSettings = {
				ALWAYS_SEARCH_USER_PATHS = NO;
				ASSETCATALOG_COMPILER_GENERATE_SWIFT_ASSET_SYMBOL_EXTENSIONS = YES;
				CLANG_ANALYZER_NONNULL = YES;
				CLANG_ANALYZER_NUMBER_OBJECT_CONVERSION = YES_AGGRESSIVE;
				CLANG_CXX_LANGUAGE_STANDARD = "gnu++20";
				CLANG_ENABLE_MODULES = YES;
				CLANG_ENABLE_OBJC_ARC = YES;
				CLANG_ENABLE_OBJC_WEAK = YES;
				CLANG_WARN_BLOCK_CAPTURE_AUTORELEASING = YES;
				CLANG_WARN_BOOL_CONVERSION = YES;
				CLANG_WARN_COMMA = YES;
				CLANG_WARN_CONSTANT_CONVERSION = YES;
				CLANG_WARN_DEPRECATED_OBJC_IMPLEMENTATIONS = YES;
				CLANG_WARN_DIRECT_OBJC_ISA_USAGE = YES_ERROR;
				CLANG_WARN_DOCUMENTATION_COMMENTS = YES;
				CLANG_WARN_EMPTY_BODY = YES;
				CLANG_WARN_ENUM_CONVERSION = YES;
				CLANG_WARN_INFINITE_RECURSION = YES;
				CLANG_WARN_INT_CONVERSION = YES;
				CLANG_WARN_NON_LITERAL_NULL_CONVERSION = YES;
				CLANG_WARN_OBJC_IMPLICIT_RETAIN_SELF = YES;
				CLANG_WARN_OBJC_LITERAL_CONVERSION = YES;
				CLANG_WARN_OBJC_ROOT_CLASS = YES_ERROR;
				CLANG_WARN_QUOTED_INCLUDE_IN_FRAMEWORK_HEADER = YES;
				CLANG_WARN_RANGE_LOOP_ANALYSIS = YES;
				CLANG_WARN_STRICT_PROTOTYPES = YES;
				CLANG_WARN_SUSPICIOUS_MOVE = YES;
				CLANG_WARN_UNGUARDED_AVAILABILITY = YES_AGGRESSIVE;
				CLANG_WARN_UNREACHABLE_CODE = YES;
				CLANG_WARN__DUPLICATE_METHOD_MATCH = YES;
				COPY_PHASE_STRIP = NO;
				DEBUG_INFORMATION_FORMAT = dwarf;
				ENABLE_STRICT_OBJC_MSGSEND = YES;
				ENABLE_TESTABILITY = YES;
				ENABLE_USER_SCRIPT_SANDBOXING = YES;
				GCC_C_LANGUAGE_STANDARD = gnu17;
				GCC_DYNAMIC_NO_PIC = NO;
				GCC_NO_COMMON_BLOCKS = YES;
				GCC_OPTIMIZATION_LEVEL = 0;
				GCC_PREPROCESSOR_DEFINITIONS = (
					"DEBUG=1",
					"$(inherited)",
				);
				GCC_WARN_64_TO_32_BIT_CONVERSION = YES;
				GCC_WARN_ABOUT_RETURN_TYPE = YES_ERROR;
				GCC_WARN_UNDECLARED_SELECTOR = YES;
				GCC_WARN_UNINITIALIZED_AUTOS = YES_AGGRESSIVE;
				GCC_WARN_UNUSED_FUNCTION = YES;
				GCC_WARN_UNUSED_VARIABLE = YES;
				IPHONEOS_DEPLOYMENT_TARGET = 17.0;
				LOCALIZATION_PREFERS_STRING_CATALOGS = YES;
				MTL_ENABLE_DEBUG_INFO = INCLUDE_SOURCE;
				MTL_FAST_MATH = YES;
				ONLY_ACTIVE_ARCH = YES;
				SDKROOT = iphoneos;
				SWIFT_ACTIVE_COMPILATION_CONDITIONS = "DEBUG $(inherited)";
				SWIFT_OPTIMIZATION_LEVEL = "-Onone";
			};
			name = Debug;
		};
		967987CD2CBD48A7A55F4C41 /* Release */ = {
			isa = XCBuildConfiguration;
			buildSettings = {
				ALWAYS_SEARCH_USER_PATHS = NO;
				ASSETCATALOG_COMPILER_GENERATE_SWIFT_ASSET_SYMBOL_EXTENSIONS = YES;
				CLANG_ANALYZER_NONNULL = YES;
				CLANG_ANALYZER_NUMBER_OBJECT_CONVERSION = YES_AGGRESSIVE;
				CLANG_CXX_LANGUAGE_STANDARD = "gnu++20";
				CLANG_ENABLE_MODULES = YES;
				CLANG_ENABLE_OBJC_ARC = YES;
				CLANG_ENABLE_OBJC_WEAK = YES;
				CLANG_WARN_BLOCK_CAPTURE_AUTORELEASING = YES;
				CLANG_WARN_BOOL_CONVERSION = YES;
				CLANG_WARN_COMMA = YES;
				CLANG_WARN_CONSTANT_CONVERSION = YES;
				CLANG_WARN_DEPRECATED_OBJC_IMPLEMENTATIONS = YES;
				CLANG_WARN_DIRECT_OBJC_ISA_USAGE = YES_ERROR;
				CLANG_WARN_DOCUMENTATION_COMMENTS = YES;
				CLANG_WARN_EMPTY_BODY = YES;
				CLANG_WARN_ENUM_CONVERSION = YES;
				CLANG_WARN_INFINITE_RECURSION = YES;
				CLANG_WARN_INT_CONVERSION = YES;
				CLANG_WARN_NON_LITERAL_NULL_CONVERSION = YES;
				CLANG_WARN_OBJC_IMPLICIT_RETAIN_SELF = YES;
				CLANG_WARN_OBJC_LITERAL_CONVERSION = YES;
				CLANG_WARN_OBJC_ROOT_CLASS = YES_ERROR;
				CLANG_WARN_QUOTED_INCLUDE_IN_FRAMEWORK_HEADER = YES;
				CLANG_WARN_RANGE_LOOP_ANALYSIS = YES;
				CLANG_WARN_STRICT_PROTOTYPES = YES;
				CLANG_WARN_SUSPICIOUS_MOVE = YES;
				CLANG_WARN_UNGUARDED_AVAILABILITY = YES_AGGRESSIVE;
				CLANG_WARN_UNREACHABLE_CODE = YES;
				CLANG_WARN__DUPLICATE_METHOD_MATCH = YES;
				COPY_PHASE_STRIP = NO;
				DEBUG_INFORMATION_FORMAT = "dwarf-with-dsym";
				ENABLE_NS_ASSERTIONS = NO;
				ENABLE_STRICT_OBJC_MSGSEND = YES;
				ENABLE_USER_SCRIPT_SANDBOXING = YES;
				GCC_C_LANGUAGE_STANDARD = gnu17;
				GCC_NO_COMMON_BLOCKS = YES;
				GCC_WARN_64_TO_32_BIT_CONVERSION = YES;
				GCC_WARN_ABOUT_RETURN_TYPE = YES_ERROR;
				GCC_WARN_UNDECLARED_SELECTOR = YES;
				GCC_WARN_UNINITIALIZED_AUTOS = YES_AGGRESSIVE;
				GCC_WARN_UNUSED_FUNCTION = YES;
				GCC_WARN_UNUSED_VARIABLE = YES;
				IPHONEOS_DEPLOYMENT_TARGET = 17.0;
				LOCALIZATION_PREFERS_STRING_CATALOGS = YES;
				MTL_FAST_MATH = YES;
				SDKROOT = iphoneos;
				SWIFT_COMPILATION_MODE = wholemodule;
				SWIFT_OPTIMIZATION_LEVEL = "-O";
				VALIDATE_PRODUCT = YES;
			};
			name = Release;
		};
		2305F1C8768F45A9B287E6F1 /* Debug */ = {
			isa = XCBuildConfiguration;
			buildSettings = {
				ASSETCATALOG_COMPILER_APPICON_NAME = AppIcon;
				ASSETCATALOG_COMPILER_GLOBAL_ACCENT_COLOR_NAME = AccentColor;
				CODE_SIGN_ENTITLEMENTS = ModelRunner/ModelRunner.entitlements;
				CODE_SIGN_STYLE = Automatic;
				CURRENT_PROJECT_VERSION = 1;
				DEVELOPMENT_ASSET_PATHS = "";
				ENABLE_PREVIEWS = YES;
				GENERATE_INFOPLIST_FILE = YES;
				INFOPLIST_KEY_UIApplicationSceneManifest_Generation = YES;
				INFOPLIST_KEY_UIApplicationSupportsIndirectInputEvents = YES;
				INFOPLIST_KEY_UILaunchScreen_Generation = YES;
				INFOPLIST_KEY_UISupportedInterfaceOrientations_iPhone = "UIInterfaceOrientationPortrait UIInterfaceOrientationLandscapeLeft UIInterfaceOrientationLandscapeRight";
				IPHONEOS_DEPLOYMENT_TARGET = 17.0;
				LD_RUNPATH_SEARCH_PATHS = (
					"$(inherited)",
					"@executable_path/Frameworks",
				);
				MARKETING_VERSION = 1.0;
				PRODUCT_BUNDLE_IDENTIFIER = "com.modelrunner.app";
				PRODUCT_NAME = "$(TARGET_NAME)";
				SWIFT_EMIT_LOC_STRINGS = YES;
				SWIFT_VERSION = 5.0;
				TARGETED_DEVICE_FAMILY = 1;
			};
			name = Debug;
		};
		EB4891918A064C17A9F20768 /* Release */ = {
			isa = XCBuildConfiguration;
			buildSettings = {
				ASSETCATALOG_COMPILER_APPICON_NAME = AppIcon;
				ASSETCATALOG_COMPILER_GLOBAL_ACCENT_COLOR_NAME = AccentColor;
				CODE_SIGN_ENTITLEMENTS = ModelRunner/ModelRunner.entitlements;
				CODE_SIGN_STYLE = Automatic;
				CURRENT_PROJECT_VERSION = 1;
				DEVELOPMENT_ASSET_PATHS = "";
				ENABLE_PREVIEWS = YES;
				GENERATE_INFOPLIST_FILE = YES;
				INFOPLIST_KEY_UIApplicationSceneManifest_Generation = YES;
				INFOPLIST_KEY_UIApplicationSupportsIndirectInputEvents = YES;
				INFOPLIST_KEY_UILaunchScreen_Generation = YES;
				INFOPLIST_KEY_UISupportedInterfaceOrientations_iPhone = "UIInterfaceOrientationPortrait UIInterfaceOrientationLandscapeLeft UIInterfaceOrientationLandscapeRight";
				IPHONEOS_DEPLOYMENT_TARGET = 17.0;
				LD_RUNPATH_SEARCH_PATHS = (
					"$(inherited)",
					"@executable_path/Frameworks",
				);
				MARKETING_VERSION = 1.0;
				PRODUCT_BUNDLE_IDENTIFIER = "com.modelrunner.app";
				PRODUCT_NAME = "$(TARGET_NAME)";
				SWIFT_EMIT_LOC_STRINGS = YES;
				SWIFT_VERSION = 5.0;
				TARGETED_DEVICE_FAMILY = 1;
			};
			name = Release;
		};
		0F3F8ABE28624518B1C8AB4B /* Debug */ = {
			isa = XCBuildConfiguration;
			buildSettings = {
				BUNDLE_LOADER = "$(TEST_HOST)";
				CODE_SIGN_STYLE = Automatic;
				CURRENT_PROJECT_VERSION = 1;
				GENERATE_INFOPLIST_FILE = YES;
				IPHONEOS_DEPLOYMENT_TARGET = 17.0;
				MARKETING_VERSION = 1.0;
				PRODUCT_BUNDLE_IDENTIFIER = "com.modelrunner.app.ModelRunnerTests";
				PRODUCT_NAME = "$(TARGET_NAME)";
				SWIFT_EMIT_LOC_STRINGS = NO;
				SWIFT_VERSION = 5.0;
				TARGETED_DEVICE_FAMILY = 1;
				TEST_HOST = "$(BUILT_PRODUCTS_DIR)/ModelRunner.app/$(BUNDLE_EXECUTABLE_FOLDER_PATH)/ModelRunner";
			};
			name = Debug;
		};
		D0D8BB270136476696228A3F /* Release */ = {
			isa = XCBuildConfiguration;
			buildSettings = {
				BUNDLE_LOADER = "$(TEST_HOST)";
				CODE_SIGN_STYLE = Automatic;
				CURRENT_PROJECT_VERSION = 1;
				GENERATE_INFOPLIST_FILE = YES;
				IPHONEOS_DEPLOYMENT_TARGET = 17.0;
				MARKETING_VERSION = 1.0;
				PRODUCT_BUNDLE_IDENTIFIER = "com.modelrunner.app.ModelRunnerTests";
				PRODUCT_NAME = "$(TARGET_NAME)";
				SWIFT_EMIT_LOC_STRINGS = NO;
				SWIFT_VERSION = 5.0;
				TARGETED_DEVICE_FAMILY = 1;
				TEST_HOST = "$(BUILT_PRODUCTS_DIR)/ModelRunner.app/$(BUNDLE_EXECUTABLE_FOLDER_PATH)/ModelRunner";
			};
			name = Release;
		};
/* End XCBuildConfiguration section */

/* Begin XCConfigurationList section */
		65D30E139A7C4F3CAD87A49A /* Build configuration list for PBXProject "ModelRunner" */ = {
			isa = XCConfigurationList;
			buildConfigurations = (
				488AF3C9DBE84FB59934DFD2 /* Debug */,
				967987CD2CBD48A7A55F4C41 /* Release */,
			);
			defaultConfigurationIsVisible = 0;
			defaultConfigurationName = Release;
		};
		ED673D7B541C4B85B380EC54 /* Build configuration list for PBXNativeTarget "ModelRunner" */ = {
			isa = XCConfigurationList;
			buildConfigurations = (
				2305F1C8768F45A9B287E6F1 /* Debug */,
				EB4891918A064C17A9F20768 /* Release */,
			);
			defaultConfigurationIsVisible = 0;
			defaultConfigurationName = Release;
		};
		F29EF7145BA4404EAB7D24D2 /* Build configuration list for PBXNativeTarget "ModelRunnerTests" */ = {
			isa = XCConfigurationList;
			buildConfigurations = (
				0F3F8ABE28624518B1C8AB4B /* Debug */,
				D0D8BB270136476696228A3F /* Release */,
			);
			defaultConfigurationIsVisible = 0;
			defaultConfigurationName = Release;
		};
/* End XCConfigurationList section */

	};
	rootObject = A1B2C3D4E5F60001A2B3C4D5 /* Project object */;
}
